
Microsoft Visual Studio Solution File, Format Version 12.00
# Visual Studio Version 17
VisualStudioVersion = 17.9.34616.47
MinimumVisualStudioVersion = 10.0.40219.1
Project("{2150E333-8FDC-42A3-9474-1A3956D46DE8}") = "src", "src", "{C4167245-0DC5-4A41-B7EA-23F9DA8850B8}"
EndProject
Project("{FAE04EC0-301F-11D3-BF4B-00C04F79EFBC}") = "Domain", "src\Domain\Domain.csproj", "{57038710-2D11-49EE-AE2F-453A86A8A441}"
EndProject
Project("{FAE04EC0-301F-11D3-BF4B-00C04F79EFBC}") = "Application", "src\Application\Application.csproj", "{6D606CED-905E-46C0-8AF5-847C61814279}"
EndProject
Project("{FAE04EC0-301F-11D3-BF4B-00C04F79EFBC}") = "Infrastructure", "src\Infrastructure\Infrastructure.csproj", "{89821EBA-36AE-4F64-B677-49CE22742952}"
EndProject
Project("{FAE04EC0-301F-11D3-BF4B-00C04F79EFBC}") = "WebAPI", "src\WebAPI\WebAPI.csproj", "{4F9AA167-03B7-4914-892F-E5C67F7E9B99}"
EndProject
Global
	GlobalSection(SolutionConfigurationPlatforms) = preSolution
		Debug|Any CPU = Debug|Any CPU
		Release|Any CPU = Release|Any CPU
	EndGlobalSection
	GlobalSection(ProjectConfigurationPlatforms) = postSolution
		{57038710-2D11-49EE-AE2F-453A86A8A441}.Debug|Any CPU.ActiveCfg = Debug|Any CPU
		{57038710-2D11-49EE-AE2F-453A86A8A441}.Debug|Any CPU.Build.0 = Debug|Any CPU
		{57038710-2D11-49EE-AE2F-453A86A8A441}.Release|Any CPU.ActiveCfg = Release|Any CPU
		{57038710-2D11-49EE-AE2F-453A86A8A441}.Release|Any CPU.Build.0 = Release|Any CPU
		{6D606CED-905E-46C0-8AF5-847C61814279}.Debug|Any CPU.ActiveCfg = Debug|Any CPU
		{6D606CED-905E-46C0-8AF5-847C61814279}.Debug|Any CPU.Build.0 = Debug|Any CPU
		{6D606CED-905E-46C0-8AF5-847C61814279}.Release|Any CPU.ActiveCfg = Release|Any CPU
		{6D606CED-905E-46C0-8AF5-847C61814279}.Release|Any CPU.Build.0 = Release|Any CPU
		{89821EBA-36AE-4F64-B677-49CE22742952}.Debug|Any CPU.ActiveCfg = Debug|Any CPU
		{89821EBA-36AE-4F64-B677-49CE22742952}.Debug|Any CPU.Build.0 = Debug|Any CPU
		{89821EBA-36AE-4F64-B677-49CE22742952}.Release|Any CPU.ActiveCfg = Release|Any CPU
		{89821EBA-36AE-4F64-B677-49CE22742952}.Release|Any CPU.Build.0 = Release|Any CPU
		{4F9AA167-03B7-4914-892F-E5C67F7E9B99}.Debug|Any CPU.ActiveCfg = Debug|Any CPU
		{4F9AA167-03B7-4914-892F-E5C67F7E9B99}.Debug|Any CPU.Build.0 = Debug|Any CPU
		{4F9AA167-03B7-4914-892F-E5C67F7E9B99}.Release|Any CPU.ActiveCfg = Release|Any CPU
		{4F9AA167-03B7-4914-892F-E5C67F7E9B99}.Release|Any CPU.Build.0 = Release|Any CPU
	EndGlobalSection
	GlobalSection(SolutionProperties) = preSolution
		HideSolutionNode = FALSE
	EndGlobalSection
	GlobalSection(NestedProjects) = preSolution
		{57038710-2D11-49EE-AE2F-453A86A8A441} = {C4167245-0DC5-4A41-B7EA-23F9DA8850B8}
		{6D606CED-905E-46C0-8AF5-847C61814279} = {C4167245-0DC5-4A41-B7EA-23F9DA8850B8}
		{89821EBA-36AE-4F64-B677-49CE22742952} = {C4167245-0DC5-4A41-B7EA-23F9DA8850B8}
		{4F9AA167-03B7-4914-892F-E5C67F7E9B99} = {C4167245-0DC5-4A41-B7EA-23F9DA8850B8}
	EndGlobalSection
	GlobalSection(ExtensibilityGlobals) = postSolution
		SolutionGuid = {58ED6842-799E-4B85-BDF6-C080DD2A9883}
	EndGlobalSection
EndGlobal
